
Microsoft Visual Studio Solution File, Format Version 12.00
# Visual Studio Version 16
VisualStudioVersion = 16.0.31515.178
MinimumVisualStudioVersion = 10.0.40219.1
Project("{9A19103F-16F7-4668-BE54-9A1E7A4F7556}") = "DB.ConsoleApp", "DB.ConsoleApp\DB.ConsoleApp.csproj", "{3E979ABA-A59B-42A9-A656-D64A74C83E50}"
EndProject
Project("{FAE04EC0-301F-11D3-BF4B-00C04F79EFBC}") = "DB.Core", "DB.Core\DB.Core.csproj", "{BA669F02-494B-4909-A963-22EEC50CB1A9}"
EndProject
Global
	GlobalSection(SolutionConfigurationPlatforms) = preSolution
		Debug|Any CPU = Debug|Any CPU
		Release|Any CPU = Release|Any CPU
	EndGlobalSection
	GlobalSection(ProjectConfigurationPlatforms) = postSolution
		{3E979ABA-A59B-42A9-A656-D64A74C83E50}.Debug|Any CPU.ActiveCfg = Debug|Any CPU
		{3E979ABA-A59B-42A9-A656-D64A74C83E50}.Debug|Any CPU.Build.0 = Debug|Any CPU
		{3E979ABA-A59B-42A9-A656-D64A74C83E50}.Release|Any CPU.ActiveCfg = Release|Any CPU
		{3E979ABA-A59B-42A9-A656-D64A74C83E50}.Release|Any CPU.Build.0 = Release|Any CPU
		{BA669F02-494B-4909-A963-22EEC50CB1A9}.Debug|Any CPU.ActiveCfg = Debug|Any CPU
		{BA669F02-494B-4909-A963-22EEC50CB1A9}.Debug|Any CPU.Build.0 = Debug|Any CPU
		{BA669F02-494B-4909-A963-22EEC50CB1A9}.Release|Any CPU.ActiveCfg = Release|Any CPU
		{BA669F02-494B-4909-A963-22EEC50CB1A9}.Release|Any CPU.Build.0 = Release|Any CPU
	EndGlobalSection
	GlobalSection(SolutionProperties) = preSolution
		HideSolutionNode = FALSE
	EndGlobalSection
	GlobalSection(ExtensibilityGlobals) = postSolution
		SolutionGuid = {D2169AA6-5B72-4712-A35C-FF83F2F41F46}
	EndGlobalSection
EndGlobal
